// !$*UTF8*$!
{
	archiveVersion = 1;
	classes = {
	};
	objectVersion = 46;
	objects = {

/* Begin PBXBuildFile section */
		148078D91964853B0017C7D5 /* Foundation.framework in Frameworks */ = {isa = PBXBuildFile; fileRef = 148078D81964853B0017C7D5 /* Foundation.framework */; };
		148078DB1964853B0017C7D5 /* CoreGraphics.framework in Frameworks */ = {isa = PBXBuildFile; fileRef = 148078DA1964853B0017C7D5 /* CoreGraphics.framework */; };
		148078DD1964853B0017C7D5 /* UIKit.framework in Frameworks */ = {isa = PBXBuildFile; fileRef = 148078DC1964853B0017C7D5 /* UIKit.framework */; };
		148078DF1964853C0017C7D5 /* SpriteKit.framework in Frameworks */ = {isa = PBXBuildFile; fileRef = 148078DE1964853C0017C7D5 /* SpriteKit.framework */; };
		148078E51964853C0017C7D5 /* InfoPlist.strings in Resources */ = {isa = PBXBuildFile; fileRef = 148078E31964853C0017C7D5 /* InfoPlist.strings */; };
		148078E71964853C0017C7D5 /* main.m in Sources */ = {isa = PBXBuildFile; fileRef = 148078E61964853C0017C7D5 /* main.m */; };
		148078EB1964853C0017C7D5 /* AppDelegate.m in Sources */ = {isa = PBXBuildFile; fileRef = 148078EA1964853C0017C7D5 /* AppDelegate.m */; };
		148078EE1964853C0017C7D5 /* Main.storyboard in Resources */ = {isa = PBXBuildFile; fileRef = 148078EC1964853C0017C7D5 /* Main.storyboard */; };
		148078F11964853C0017C7D5 /* ViewController.m in Sources */ = {isa = PBXBuildFile; fileRef = 148078F01964853C0017C7D5 /* ViewController.m */; };
		148078F41964853C0017C7D5 /* MyScene.m in Sources */ = {isa = PBXBuildFile; fileRef = 148078F31964853C0017C7D5 /* MyScene.m */; };
		148078F61964853C0017C7D5 /* Spaceship.png in Resources */ = {isa = PBXBuildFile; fileRef = 148078F51964853C0017C7D5 /* Spaceship.png */; };
		148078F81964853C0017C7D5 /* Images.xcassets in Resources */ = {isa = PBXBuildFile; fileRef = 148078F71964853C0017C7D5 /* Images.xcassets */; };
		148078FF1964853C0017C7D5 /* XCTest.framework in Frameworks */ = {isa = PBXBuildFile; fileRef = 148078FE1964853C0017C7D5 /* XCTest.framework */; };
		148079001964853C0017C7D5 /* Foundation.framework in Frameworks */ = {isa = PBXBuildFile; fileRef = 148078D81964853B0017C7D5 /* Foundation.framework */; };
		148079011964853C0017C7D5 /* UIKit.framework in Frameworks */ = {isa = PBXBuildFile; fileRef = 148078DC1964853B0017C7D5 /* UIKit.framework */; };
		148079091964853C0017C7D5 /* InfoPlist.strings in Resources */ = {isa = PBXBuildFile; fileRef = 148079071964853C0017C7D5 /* InfoPlist.strings */; };
		1480790B1964853C0017C7D5 /* ActionExamplesTests.m in Sources */ = {isa = PBXBuildFile; fileRef = 1480790A1964853C0017C7D5 /* ActionExamplesTests.m */; };
/* End PBXBuildFile section */

/* Begin PBXContainerItemProxy section */
		148079021964853C0017C7D5 /* PBXContainerItemProxy */ = {
			isa = PBXContainerItemProxy;
			containerPortal = 148078CD1964853B0017C7D5 /* Project object */;
			proxyType = 1;
			remoteGlobalIDString = 148078D41964853B0017C7D5;
			remoteInfo = ActionExamples;
		};
/* End PBXContainerItemProxy section */

/* Begin PBXFileReference section */
		148078D51964853B0017C7D5 /* ActionExamples.app */ = {isa = PBXFileReference; explicitFileType = wrapper.application; includeInIndex = 0; path = ActionExamples.app; sourceTree = BUILT_PRODUCTS_DIR; };
		148078D81964853B0017C7D5 /* Foundation.framework */ = {isa = PBXFileReference; lastKnownFileType = wrapper.framework; name = Foundation.framework; path = System/Library/Frameworks/Foundation.framework; sourceTree = SDKROOT; };
		148078DA1964853B0017C7D5 /* CoreGraphics.framework */ = {isa = PBXFileReference; lastKnownFileType = wrapper.framework; name = CoreGraphics.framework; path = System/Library/Frameworks/CoreGraphics.framework; sourceTree = SDKROOT; };
		148078DC1964853B0017C7D5 /* UIKit.framework */ = {isa = PBXFileReference; lastKnownFileType = wrapper.framework; name = UIKit.framework; path = System/Library/Frameworks/UIKit.framework; sourceTree = SDKROOT; };
		148078DE1964853C0017C7D5 /* SpriteKit.framework */ = {isa = PBXFileReference; lastKnownFileType = wrapper.framework; name = SpriteKit.framework; path = System/Library/Frameworks/SpriteKit.framework; sourceTree = SDKROOT; };
		148078E21964853C0017C7D5 /* ActionExamples-Info.plist */ = {isa = PBXFileReference; lastKnownFileType = text.plist.xml; path = "ActionExamples-Info.plist"; sourceTree = "<group>"; };
		148078E41964853C0017C7D5 /* en */ = {isa = PBXFileReference; lastKnownFileType = text.plist.strings; name = en; path = en.lproj/InfoPlist.strings; sourceTree = "<group>"; };
		148078E61964853C0017C7D5 /* main.m */ = {isa = PBXFileReference; lastKnownFileType = sourcecode.c.objc; path = main.m; sourceTree = "<group>"; };
		148078E81964853C0017C7D5 /* ActionExamples-Prefix.pch */ = {isa = PBXFileReference; lastKnownFileType = sourcecode.c.h; path = "ActionExamples-Prefix.pch"; sourceTree = "<group>"; };
		148078E91964853C0017C7D5 /* AppDelegate.h */ = {isa = PBXFileReference; lastKnownFileType = sourcecode.c.h; path = AppDelegate.h; sourceTree = "<group>"; };
		148078EA1964853C0017C7D5 /* AppDelegate.m */ = {isa = PBXFileReference; lastKnownFileType = sourcecode.c.objc; path = AppDelegate.m; sourceTree = "<group>"; };
		148078ED1964853C0017C7D5 /* Base */ = {isa = PBXFileReference; lastKnownFileType = file.storyboard; name = Base; path = Base.lproj/Main.storyboard; sourceTree = "<group>"; };
		148078EF1964853C0017C7D5 /* ViewController.h */ = {isa = PBXFileReference; lastKnownFileType = sourcecode.c.h; path = ViewController.h; sourceTree = "<group>"; };
		148078F01964853C0017C7D5 /* ViewController.m */ = {isa = PBXFileReference; lastKnownFileType = sourcecode.c.objc; path = ViewController.m; sourceTree = "<group>"; };
		148078F21964853C0017C7D5 /* MyScene.h */ = {isa = PBXFileReference; lastKnownFileType = sourcecode.c.h; path = MyScene.h; sourceTree = "<group>"; };
		148078F31964853C0017C7D5 /* MyScene.m */ = {isa = PBXFileReference; lastKnownFileType = sourcecode.c.objc; path = MyScene.m; sourceTree = "<group>"; };
		148078F51964853C0017C7D5 /* Spaceship.png */ = {isa = PBXFileReference; lastKnownFileType = image.png; path = Spaceship.png; sourceTree = "<group>"; };
		148078F71964853C0017C7D5 /* Images.xcassets */ = {isa = PBXFileReference; lastKnownFileType = folder.assetcatalog; path = Images.xcassets; sourceTree = "<group>"; };
		148078FD1964853C0017C7D5 /* ActionExamplesTests.xctest */ = {isa = PBXFileReference; explicitFileType = wrapper.cfbundle; includeInIndex = 0; path = ActionExamplesTests.xctest; sourceTree = BUILT_PRODUCTS_DIR; };
		148078FE1964853C0017C7D5 /* XCTest.framework */ = {isa = PBXFileReference; lastKnownFileType = wrapper.framework; name = XCTest.framework; path = Library/Frameworks/XCTest.framework; sourceTree = DEVELOPER_DIR; };
		148079061964853C0017C7D5 /* ActionExamplesTests-Info.plist */ = {isa = PBXFileReference; lastKnownFileType = text.plist.xml; path = "ActionExamplesTests-Info.plist"; sourceTree = "<group>"; };
		148079081964853C0017C7D5 /* en */ = {isa = PBXFileReference; lastKnownFileType = text.plist.strings; name = en; path = en.lproj/InfoPlist.strings; sourceTree = "<group>"; };
		1480790A1964853C0017C7D5 /* ActionExamplesTests.m */ = {isa = PBXFileReference; lastKnownFileType = sourcecode.c.objc; path = ActionExamplesTests.m; sourceTree = "<group>"; };
/* End PBXFileReference section */

/* Begin PBXFrameworksBuildPhase section */
		148078D21964853B0017C7D5 /* Frameworks */ = {
			isa = PBXFrameworksBuildPhase;
			buildActionMask = 2147483647;
			files = (
				148078DB1964853B0017C7D5 /* CoreGraphics.framework in Frameworks */,
				148078DD1964853B0017C7D5 /* UIKit.framework in Frameworks */,
				148078DF1964853C0017C7D5 /* SpriteKit.framework in Frameworks */,
				148078D91964853B0017C7D5 /* Foundation.framework in Frameworks */,
			);
			runOnlyForDeploymentPostprocessing = 0;
		};
		148078FA1964853C0017C7D5 /* Frameworks */ = {
			isa = PBXFrameworksBuildPhase;
			buildActionMask = 2147483647;
			files = (
				148078FF1964853C0017C7D5 /* XCTest.framework in Frameworks */,
				148079011964853C0017C7D5 /* UIKit.framework in Frameworks */,
				148079001964853C0017C7D5 /* Foundation.framework in Frameworks */,
			);
			runOnlyForDeploymentPostprocessing = 0;
		};
/* End PBXFrameworksBuildPhase section */

/* Begin PBXGroup section */
		148078CC1964853B0017C7D5 = {
			isa = PBXGroup;
			children = (
				148078E01964853C0017C7D5 /* ActionExamples */,
				148079041964853C0017C7D5 /* ActionExamplesTests */,
				148078D71964853B0017C7D5 /* Frameworks */,
				148078D61964853B0017C7D5 /* Products */,
			);
			sourceTree = "<group>";
		};
		148078D61964853B0017C7D5 /* Products */ = {
			isa = PBXGroup;
			children = (
				148078D51964853B0017C7D5 /* ActionExamples.app */,
				148078FD1964853C0017C7D5 /* ActionExamplesTests.xctest */,
			);
			name = Products;
			sourceTree = "<group>";
		};
		148078D71964853B0017C7D5 /* Frameworks */ = {
			isa = PBXGroup;
			children = (
				148078D81964853B0017C7D5 /* Foundation.framework */,
				148078DA1964853B0017C7D5 /* CoreGraphics.framework */,
				148078DC1964853B0017C7D5 /* UIKit.framework */,
				148078DE1964853C0017C7D5 /* SpriteKit.framework */,
				148078FE1964853C0017C7D5 /* XCTest.framework */,
			);
			name = Frameworks;
			sourceTree = "<group>";
		};
		148078E01964853C0017C7D5 /* ActionExamples */ = {
			isa = PBXGroup;
			children = (
				148078E91964853C0017C7D5 /* AppDelegate.h */,
				148078EA1964853C0017C7D5 /* AppDelegate.m */,
				148078EC1964853C0017C7D5 /* Main.storyboard */,
				148078EF1964853C0017C7D5 /* ViewController.h */,
				148078F01964853C0017C7D5 /* ViewController.m */,
				148078F21964853C0017C7D5 /* MyScene.h */,
				148078F31964853C0017C7D5 /* MyScene.m */,
				148078F51964853C0017C7D5 /* Spaceship.png */,
				148078F71964853C0017C7D5 /* Images.xcassets */,
				148078E11964853C0017C7D5 /* Supporting Files */,
			);
			path = ActionExamples;
			sourceTree = "<group>";
		};
		148078E11964853C0017C7D5 /* Supporting Files */ = {
			isa = PBXGroup;
			children = (
				148078E21964853C0017C7D5 /* ActionExamples-Info.plist */,
				148078E31964853C0017C7D5 /* InfoPlist.strings */,
				148078E61964853C0017C7D5 /* main.m */,
				148078E81964853C0017C7D5 /* ActionExamples-Prefix.pch */,
			);
			name = "Supporting Files";
			sourceTree = "<group>";
		};
		148079041964853C0017C7D5 /* ActionExamplesTests */ = {
			isa = PBXGroup;
			children = (
				1480790A1964853C0017C7D5 /* ActionExamplesTests.m */,
				148079051964853C0017C7D5 /* Supporting Files */,
			);
			path = ActionExamplesTests;
			sourceTree = "<group>";
		};
		148079051964853C0017C7D5 /* Supporting Files */ = {
			isa = PBXGroup;
			children = (
				148079061964853C0017C7D5 /* ActionExamplesTests-Info.plist */,
				148079071964853C0017C7D5 /* InfoPlist.strings */,
			);
			name = "Supporting Files";
			sourceTree = "<group>";
		};
/* End PBXGroup section */

/* Begin PBXNativeTarget section */
		148078D41964853B0017C7D5 /* ActionExamples */ = {
			isa = PBXNativeTarget;
			buildConfigurationList = 1480790E1964853C0017C7D5 /* Build configuration list for PBXNativeTarget "ActionExamples" */;
			buildPhases = (
				148078D11964853B0017C7D5 /* Sources */,
				148078D21964853B0017C7D5 /* Frameworks */,
				148078D31964853B0017C7D5 /* Resources */,
			);
			buildRules = (
			);
			dependencies = (
			);
			name = ActionExamples;
			productName = ActionExamples;
			productReference = 148078D51964853B0017C7D5 /* ActionExamples.app */;
			productType = "com.apple.product-type.application";
		};
		148078FC1964853C0017C7D5 /* ActionExamplesTests */ = {
			isa = PBXNativeTarget;
			buildConfigurationList = 148079111964853C0017C7D5 /* Build configuration list for PBXNativeTarget "ActionExamplesTests" */;
			buildPhases = (
				148078F91964853C0017C7D5 /* Sources */,
				148078FA1964853C0017C7D5 /* Frameworks */,
				148078FB1964853C0017C7D5 /* Resources */,
			);
			buildRules = (
			);
			dependencies = (
				148079031964853C0017C7D5 /* PBXTargetDependency */,
			);
			name = ActionExamplesTests;
			productName = ActionExamplesTests;
			productReference = 148078FD1964853C0017C7D5 /* ActionExamplesTests.xctest */;
			productType = "com.apple.product-type.bundle.unit-test";
		};
/* End PBXNativeTarget section */

/* Begin PBXProject section */
		148078CD1964853B0017C7D5 /* Project object */ = {
			isa = PBXProject;
			attributes = {
				LastUpgradeCheck = 0500;
				ORGANIZATIONNAME = "Deep Sidhpura";
				TargetAttributes = {
					148078FC1964853C0017C7D5 = {
						TestTargetID = 148078D41964853B0017C7D5;
					};
				};
			};
			buildConfigurationList = 148078D01964853B0017C7D5 /* Build configuration list for PBXProject "ActionExamples" */;
			compatibilityVersion = "Xcode 3.2";
			developmentRegion = English;
			hasScannedForEncodings = 0;
			knownRegions = (
				en,
				Base,
			);
			mainGroup = 148078CC1964853B0017C7D5;
			productRefGroup = 148078D61964853B0017C7D5 /* Products */;
			projectDirPath = "";
			projectRoot = "";
			targets = (
				148078D41964853B0017C7D5 /* ActionExamples */,
				148078FC1964853C0017C7D5 /* ActionExamplesTests */,
			);
		};
/* End PBXProject section */

/* Begin PBXResourcesBuildPhase section */
		148078D31964853B0017C7D5 /* Resources */ = {
			isa = PBXResourcesBuildPhase;
			buildActionMask = 2147483647;
			files = (
				148078E51964853C0017C7D5 /* InfoPlist.strings in Resources */,
				148078F81964853C0017C7D5 /* Images.xcassets in Resources */,
				148078F61964853C0017C7D5 /* Spaceship.png in Resources */,
				148078EE1964853C0017C7D5 /* Main.storyboard in Resources */,
			);
			runOnlyForDeploymentPostprocessing = 0;
		};
		148078FB1964853C0017C7D5 /* Resources */ = {
			isa = PBXResourcesBuildPhase;
			buildActionMask = 2147483647;
			files = (
				148079091964853C0017C7D5 /* InfoPlist.strings in Resources */,
			);
			runOnlyForDeploymentPostprocessing = 0;
		};
/* End PBXResourcesBuildPhase section */

/* Begin PBXSourcesBuildPhase section */
		148078D11964853B0017C7D5 /* Sources */ = {
			isa = PBXSourcesBuildPhase;
			buildActionMask = 2147483647;
			files = (
				148078F41964853C0017C7D5 /* MyScene.m in Sources */,
				148078F11964853C0017C7D5 /* ViewController.m in Sources */,
				148078EB1964853C0017C7D5 /* AppDelegate.m in Sources */,
				148078E71964853C0017C7D5 /* main.m in Sources */,
			);
			runOnlyForDeploymentPostprocessing = 0;
		};
		148078F91964853C0017C7D5 /* Sources */ = {
			isa = PBXSourcesBuildPhase;
			buildActionMask = 2147483647;
			files = (
				1480790B1964853C0017C7D5 /* ActionExamplesTests.m in Sources */,
			);
			runOnlyForDeploymentPostprocessing = 0;
		};
/* End PBXSourcesBuildPhase section */

/* Begin PBXTargetDependency section */
		148079031964853C0017C7D5 /* PBXTargetDependency */ = {
			isa = PBXTargetDependency;
			target = 148078D41964853B0017C7D5 /* ActionExamples */;
			targetProxy = 148079021964853C0017C7D5 /* PBXContainerItemProxy */;
		};
/* End PBXTargetDependency section */

/* Begin PBXVariantGroup section */
		148078E31964853C0017C7D5 /* InfoPlist.strings */ = {
			isa = PBXVariantGroup;
			children = (
				148078E41964853C0017C7D5 /* en */,
			);
			name = InfoPlist.strings;
			sourceTree = "<group>";
		};
		148078EC1964853C0017C7D5 /* Main.storyboard */ = {
			isa = PBXVariantGroup;
			children = (
				148078ED1964853C0017C7D5 /* Base */,
			);
			name = Main.storyboard;
			sourceTree = "<group>";
		};
		148079071964853C0017C7D5 /* InfoPlist.strings */ = {
			isa = PBXVariantGroup;
			children = (
				148079081964853C0017C7D5 /* en */,
			);
			name = InfoPlist.strings;
			sourceTree = "<group>";
		};
/* End PBXVariantGroup section */

/* Begin XCBuildConfiguration section */
		1480790C1964853C0017C7D5 /* Debug */ = {
			isa = XCBuildConfiguration;
			buildSettings = {
				ALWAYS_SEARCH_USER_PATHS = NO;
				ARCHS = "$(ARCHS_STANDARD_INCLUDING_64_BIT)";
				CLANG_CXX_LANGUAGE_STANDARD = "gnu++0x";
				CLANG_CXX_LIBRARY = "libc++";
				CLANG_ENABLE_MODULES = YES;
				CLANG_ENABLE_OBJC_ARC = YES;
				CLANG_WARN_BOOL_CONVERSION = YES;
				CLANG_WARN_CONSTANT_CONVERSION = YES;
				CLANG_WARN_DIRECT_OBJC_ISA_USAGE = YES_ERROR;
				CLANG_WARN_EMPTY_BODY = YES;
				CLANG_WARN_ENUM_CONVERSION = YES;
				CLANG_WARN_INT_CONVERSION = YES;
				CLANG_WARN_OBJC_ROOT_CLASS = YES_ERROR;
				CLANG_WARN__DUPLICATE_METHOD_MATCH = YES;
				"CODE_SIGN_IDENTITY[sdk=iphoneos*]" = "iPhone Developer";
				COPY_PHASE_STRIP = NO;
				GCC_C_LANGUAGE_STANDARD = gnu99;
				GCC_DYNAMIC_NO_PIC = NO;
				GCC_OPTIMIZATION_LEVEL = 0;
				GCC_PREPROCESSOR_DEFINITIONS = (
					"DEBUG=1",
					"$(inherited)",
				);
				GCC_SYMBOLS_PRIVATE_EXTERN = NO;
				GCC_WARN_64_TO_32_BIT_CONVERSION = YES;
				GCC_WARN_ABOUT_RETURN_TYPE = YES_ERROR;
				GCC_WARN_UNDECLARED_SELECTOR = YES;
				GCC_WARN_UNINITIALIZED_AUTOS = YES;
				GCC_WARN_UNUSED_FUNCTION = YES;
				GCC_WARN_UNUSED_VARIABLE = YES;
				IPHONEOS_DEPLOYMENT_TARGET = 7.0;
				ONLY_ACTIVE_ARCH = YES;
				SDKROOT = iphoneos;
			};
			name = Debug;
		};
		1480790D1964853C0017C7D5 /* Release */ = {
			isa = XCBuildConfiguration;
			buildSettings = {
				ALWAYS_SEARCH_USER_PATHS = NO;
				ARCHS = "$(ARCHS_STANDARD_INCLUDING_64_BIT)";
				CLANG_CXX_LANGUAGE_STANDARD = "gnu++0x";
				CLANG_CXX_LIBRARY = "libc++";
				CLANG_ENABLE_MODULES = YES;
				CLANG_ENABLE_OBJC_ARC = YES;
				CLANG_WARN_BOOL_CONVERSION = YES;
				CLANG_WARN_CONSTANT_CONVERSION = YES;
				CLANG_WARN_DIRECT_OBJC_ISA_USAGE = YES_ERROR;
				CLANG_WARN_EMPTY_BODY = YES;
				CLANG_WARN_ENUM_CONVERSION = YES;
				CLANG_WARN_INT_CONVERSION = YES;
				CLANG_WARN_OBJC_ROOT_CLASS = YES_ERROR;
				CLANG_WARN__DUPLICATE_METHOD_MATCH = YES;
				"CODE_SIGN_IDENTITY[sdk=iphoneos*]" = "iPhone Developer";
				COPY_PHASE_STRIP = YES;
				ENABLE_NS_ASSERTIONS = NO;
				GCC_C_LANGUAGE_STANDARD = gnu99;
				GCC_WARN_64_TO_32_BIT_CONVERSION = YES;
				GCC_WARN_ABOUT_RETURN_TYPE = YES_ERROR;
				GCC_WARN_UNDECLARED_SELECTOR = YES;
				GCC_WARN_UNINITIALIZED_AUTOS = YES;
				GCC_WARN_UNUSED_FUNCTION = YES;
				GCC_WARN_UNUSED_VARIABLE = YES;
				IPHONEOS_DEPLOYMENT_TARGET = 7.0;
				SDKROOT = iphoneos;
				VALIDATE_PRODUCT = YES;
			};
			name = Release;
		};
		1480790F1964853C0017C7D5 /* Debug */ = {
			isa = XCBuildConfiguration;
			buildSettings = {
				ASSETCATALOG_COMPILER_APPICON_NAME = AppIcon;
				ASSETCATALOG_COMPILER_LAUNCHIMAGE_NAME = LaunchImage;
				GCC_PRECOMPILE_PREFIX_HEADER = YES;
				GCC_PREFIX_HEADER = "ActionExamples/ActionExamples-Prefix.pch";
				INFOPLIST_FILE = "ActionExamples/ActionExamples-Info.plist";
				PRODUCT_NAME = "$(TARGET_NAME)";
				SPRITEKIT_TEXTURE_ATLAS_OUTPUT = YES;
				WRAPPER_EXTENSION = app;
			};
			name = Debug;
		};
		148079101964853C0017C7D5 /* Release */ = {
			isa = XCBuildConfiguration;
			buildSettings = {
				ASSETCATALOG_COMPILER_APPICON_NAME = AppIcon;
				ASSETCATALOG_COMPILER_LAUNCHIMAGE_NAME = LaunchImage;
				GCC_PRECOMPILE_PREFIX_HEADER = YES;
				GCC_PREFIX_HEADER = "ActionExamples/ActionExamples-Prefix.pch";
				INFOPLIST_FILE = "ActionExamples/ActionExamples-Info.plist";
				PRODUCT_NAME = "$(TARGET_NAME)";
				SPRITEKIT_TEXTURE_ATLAS_OUTPUT = YES;
				WRAPPER_EXTENSION = app;
			};
			name = Release;
		};
		148079121964853C0017C7D5 /* Debug */ = {
			isa = XCBuildConfiguration;
			buildSettings = {
				ARCHS = "$(ARCHS_STANDARD_INCLUDING_64_BIT)";
				BUNDLE_LOADER = "$(BUILT_PRODUCTS_DIR)/ActionExamples.app/ActionExamples";
				FRAMEWORK_SEARCH_PATHS = (
					"$(SDKROOT)/Developer/Library/Frameworks",
					"$(inherited)",
					"$(DEVELOPER_FRAMEWORKS_DIR)",
				);
				GCC_PRECOMPILE_PREFIX_HEADER = YES;
				GCC_PREFIX_HEADER = "ActionExamples/ActionExamples-Prefix.pch";
				GCC_PREPROCESSOR_DEFINITIONS = (
					"DEBUG=1",
					"$(inherited)",
				);
				INFOPLIST_FILE = "ActionExamplesTests/ActionExamplesTests-Info.plist";
				PRODUCT_NAME = "$(TARGET_NAME)";
				TEST_HOST = "$(BUNDLE_LOADER)";
				WRAPPER_EXTENSION = xctest;
			};
			name = Debug;
		};
		148079131964853C0017C7D5 /* Release */ = {
			isa = XCBuildConfiguration;
			buildSettings = {
				ARCHS = "$(ARCHS_STANDARD_INCLUDING_64_BIT)";
				BUNDLE_LOADER = "$(BUILT_PRODUCTS_DIR)/ActionExamples.app/ActionExamples";
				FRAMEWORK_SEARCH_PATHS = (
					"$(SDKROOT)/Developer/Library/Frameworks",
					"$(inherited)",
					"$(DEVELOPER_FRAMEWORKS_DIR)",
				);
				GCC_PRECOMPILE_PREFIX_HEADER = YES;
				GCC_PREFIX_HEADER = "ActionExamples/ActionExamples-Prefix.pch";
				INFOPLIST_FILE = "ActionExamplesTests/ActionExamplesTests-Info.plist";
				PRODUCT_NAME = "$(TARGET_NAME)";
				TEST_HOST = "$(BUNDLE_LOADER)";
				WRAPPER_EXTENSION = xctest;
			};
			name = Release;
		};
/* End XCBuildConfiguration section */

/* Begin XCConfigurationList section */
		148078D01964853B0017C7D5 /* Build configuration list for PBXProject "ActionExamples" */ = {
			isa = XCConfigurationList;
			buildConfigurations = (
				1480790C1964853C0017C7D5 /* Debug */,
				1480790D1964853C0017C7D5 /* Release */,
			);
			defaultConfigurationIsVisible = 0;
			defaultConfigurationName = Release;
		};
		1480790E1964853C0017C7D5 /* Build configuration list for PBXNativeTarget "ActionExamples" */ = {
			isa = XCConfigurationList;
			buildConfigurations = (
				1480790F1964853C0017C7D5 /* Debug */,
				148079101964853C0017C7D5 /* Release */,
			);
			defaultConfigurationIsVisible = 0;
		};
		148079111964853C0017C7D5 /* Build configuration list for PBXNativeTarget "ActionExamplesTests" */ = {
			isa = XCConfigurationList;
			buildConfigurations = (
				148079121964853C0017C7D5 /* Debug */,
				148079131964853C0017C7D5 /* Release */,
			);
			defaultConfigurationIsVisible = 0;
		};
/* End XCConfigurationList section */
	};
	rootObject = 148078CD1964853B0017C7D5 /* Project object */;
}
