// !$*UTF8*$!
{
	archiveVersion = 1;
	classes = {
	};
	objectVersion = 46;
	objects = {

/* Begin PBXBuildFile section */
		148078281964318B0017C7D5 /* blip.caf in Resources */ = {isa = PBXBuildFile; fileRef = 148078251964318B0017C7D5 /* blip.caf */; };
		148078291964318B0017C7D5 /* brickhit.caf in Resources */ = {isa = PBXBuildFile; fileRef = 148078261964318B0017C7D5 /* brickhit.caf */; };
		1480782A1964318B0017C7D5 /* gameover.caf in Resources */ = {isa = PBXBuildFile; fileRef = 148078271964318B0017C7D5 /* gameover.caf */; };
		1480782D1964397A0017C7D5 /* EndScene.m in Sources */ = {isa = PBXBuildFile; fileRef = 1480782C1964397A0017C7D5 /* EndScene.m */; };
		14807830196444AC0017C7D5 /* Magic.sks in Resources */ = {isa = PBXBuildFile; fileRef = 1480782E196444AC0017C7D5 /* Magic.sks */; };
		14807831196444AC0017C7D5 /* spark.png in Resources */ = {isa = PBXBuildFile; fileRef = 1480782F196444AC0017C7D5 /* spark.png */; };
		14807915196491D30017C7D5 /* orb.atlas in Resources */ = {isa = PBXBuildFile; fileRef = 14807914196491D30017C7D5 /* orb.atlas */; };
		148493FA1963DB3700EE0D9E /* Foundation.framework in Frameworks */ = {isa = PBXBuildFile; fileRef = 148493F91963DB3700EE0D9E /* Foundation.framework */; };
		148493FC1963DB3700EE0D9E /* CoreGraphics.framework in Frameworks */ = {isa = PBXBuildFile; fileRef = 148493FB1963DB3700EE0D9E /* CoreGraphics.framework */; };
		148493FE1963DB3700EE0D9E /* UIKit.framework in Frameworks */ = {isa = PBXBuildFile; fileRef = 148493FD1963DB3700EE0D9E /* UIKit.framework */; };
		148494001963DB3800EE0D9E /* SpriteKit.framework in Frameworks */ = {isa = PBXBuildFile; fileRef = 148493FF1963DB3800EE0D9E /* SpriteKit.framework */; };
		148494061963DB3800EE0D9E /* InfoPlist.strings in Resources */ = {isa = PBXBuildFile; fileRef = 148494041963DB3800EE0D9E /* InfoPlist.strings */; };
		148494081963DB3800EE0D9E /* main.m in Sources */ = {isa = PBXBuildFile; fileRef = 148494071963DB3800EE0D9E /* main.m */; };
		1484940C1963DB3800EE0D9E /* AppDelegate.m in Sources */ = {isa = PBXBuildFile; fileRef = 1484940B1963DB3800EE0D9E /* AppDelegate.m */; };
		1484940F1963DB3800EE0D9E /* Main.storyboard in Resources */ = {isa = PBXBuildFile; fileRef = 1484940D1963DB3800EE0D9E /* Main.storyboard */; };
		148494121963DB3800EE0D9E /* ViewController.m in Sources */ = {isa = PBXBuildFile; fileRef = 148494111963DB3800EE0D9E /* ViewController.m */; };
		148494151963DB3800EE0D9E /* MyScene.m in Sources */ = {isa = PBXBuildFile; fileRef = 148494141963DB3800EE0D9E /* MyScene.m */; };
		148494171963DB3800EE0D9E /* Spaceship.png in Resources */ = {isa = PBXBuildFile; fileRef = 148494161963DB3800EE0D9E /* Spaceship.png */; };
		148494191963DB3800EE0D9E /* Images.xcassets in Resources */ = {isa = PBXBuildFile; fileRef = 148494181963DB3800EE0D9E /* Images.xcassets */; };
		148494201963DB3800EE0D9E /* XCTest.framework in Frameworks */ = {isa = PBXBuildFile; fileRef = 1484941F1963DB3800EE0D9E /* XCTest.framework */; };
		148494211963DB3800EE0D9E /* Foundation.framework in Frameworks */ = {isa = PBXBuildFile; fileRef = 148493F91963DB3700EE0D9E /* Foundation.framework */; };
		148494221963DB3800EE0D9E /* UIKit.framework in Frameworks */ = {isa = PBXBuildFile; fileRef = 148493FD1963DB3700EE0D9E /* UIKit.framework */; };
		1484942A1963DB3800EE0D9E /* InfoPlist.strings in Resources */ = {isa = PBXBuildFile; fileRef = 148494281963DB3800EE0D9E /* InfoPlist.strings */; };
		1484942C1963DB3800EE0D9E /* BreakingBricksTests.m in Sources */ = {isa = PBXBuildFile; fileRef = 1484942B1963DB3800EE0D9E /* BreakingBricksTests.m */; };
		1484943C1963DB6000EE0D9E /* ball.png in Resources */ = {isa = PBXBuildFile; fileRef = 148494361963DB6000EE0D9E /* ball.png */; };
		1484943D1963DB6000EE0D9E /* ball@2x.png in Resources */ = {isa = PBXBuildFile; fileRef = 148494371963DB6000EE0D9E /* ball@2x.png */; };
		1484943E1963DB6000EE0D9E /* brick.png in Resources */ = {isa = PBXBuildFile; fileRef = 148494381963DB6000EE0D9E /* brick.png */; };
		1484943F1963DB6000EE0D9E /* brick@2x.png in Resources */ = {isa = PBXBuildFile; fileRef = 148494391963DB6000EE0D9E /* brick@2x.png */; };
		148494401963DB6000EE0D9E /* paddle.png in Resources */ = {isa = PBXBuildFile; fileRef = 1484943A1963DB6000EE0D9E /* paddle.png */; };
		148494411963DB6000EE0D9E /* paddle@2x.png in Resources */ = {isa = PBXBuildFile; fileRef = 1484943B1963DB6000EE0D9E /* paddle@2x.png */; };
/* End PBXBuildFile section */

/* Begin PBXContainerItemProxy section */
		148494231963DB3800EE0D9E /* PBXContainerItemProxy */ = {
			isa = PBXContainerItemProxy;
			containerPortal = 148493EE1963DB3700EE0D9E /* Project object */;
			proxyType = 1;
			remoteGlobalIDString = 148493F51963DB3700EE0D9E;
			remoteInfo = BreakingBricks;
		};
/* End PBXContainerItemProxy section */

/* Begin PBXFileReference section */
		148078251964318B0017C7D5 /* blip.caf */ = {isa = PBXFileReference; lastKnownFileType = file; path = blip.caf; sourceTree = "<group>"; };
		148078261964318B0017C7D5 /* brickhit.caf */ = {isa = PBXFileReference; lastKnownFileType = file; path = brickhit.caf; sourceTree = "<group>"; };
		148078271964318B0017C7D5 /* gameover.caf */ = {isa = PBXFileReference; lastKnownFileType = file; path = gameover.caf; sourceTree = "<group>"; };
		1480782B1964397A0017C7D5 /* EndScene.h */ = {isa = PBXFileReference; fileEncoding = 4; lastKnownFileType = sourcecode.c.h; path = EndScene.h; sourceTree = "<group>"; };
		1480782C1964397A0017C7D5 /* EndScene.m */ = {isa = PBXFileReference; fileEncoding = 4; lastKnownFileType = sourcecode.c.objc; path = EndScene.m; sourceTree = "<group>"; };
		1480782E196444AC0017C7D5 /* Magic.sks */ = {isa = PBXFileReference; lastKnownFileType = file.sks; path = Magic.sks; sourceTree = "<group>"; };
		1480782F196444AC0017C7D5 /* spark.png */ = {isa = PBXFileReference; lastKnownFileType = image.png; path = spark.png; sourceTree = "<group>"; };
		14807914196491D30017C7D5 /* orb.atlas */ = {isa = PBXFileReference; lastKnownFileType = folder.skatlas; path = orb.atlas; sourceTree = "<group>"; };
		148493F61963DB3700EE0D9E /* BreakingBricks.app */ = {isa = PBXFileReference; explicitFileType = wrapper.application; includeInIndex = 0; path = BreakingBricks.app; sourceTree = BUILT_PRODUCTS_DIR; };
		148493F91963DB3700EE0D9E /* Foundation.framework */ = {isa = PBXFileReference; lastKnownFileType = wrapper.framework; name = Foundation.framework; path = System/Library/Frameworks/Foundation.framework; sourceTree = SDKROOT; };
		148493FB1963DB3700EE0D9E /* CoreGraphics.framework */ = {isa = PBXFileReference; lastKnownFileType = wrapper.framework; name = CoreGraphics.framework; path = System/Library/Frameworks/CoreGraphics.framework; sourceTree = SDKROOT; };
		148493FD1963DB3700EE0D9E /* UIKit.framework */ = {isa = PBXFileReference; lastKnownFileType = wrapper.framework; name = UIKit.framework; path = System/Library/Frameworks/UIKit.framework; sourceTree = SDKROOT; };
		148493FF1963DB3800EE0D9E /* SpriteKit.framework */ = {isa = PBXFileReference; lastKnownFileType = wrapper.framework; name = SpriteKit.framework; path = System/Library/Frameworks/SpriteKit.framework; sourceTree = SDKROOT; };
		148494031963DB3800EE0D9E /* BreakingBricks-Info.plist */ = {isa = PBXFileReference; lastKnownFileType = text.plist.xml; path = "BreakingBricks-Info.plist"; sourceTree = "<group>"; };
		148494051963DB3800EE0D9E /* en */ = {isa = PBXFileReference; lastKnownFileType = text.plist.strings; name = en; path = en.lproj/InfoPlist.strings; sourceTree = "<group>"; };
		148494071963DB3800EE0D9E /* main.m */ = {isa = PBXFileReference; lastKnownFileType = sourcecode.c.objc; path = main.m; sourceTree = "<group>"; };
		148494091963DB3800EE0D9E /* BreakingBricks-Prefix.pch */ = {isa = PBXFileReference; lastKnownFileType = sourcecode.c.h; path = "BreakingBricks-Prefix.pch"; sourceTree = "<group>"; };
		1484940A1963DB3800EE0D9E /* AppDelegate.h */ = {isa = PBXFileReference; lastKnownFileType = sourcecode.c.h; path = AppDelegate.h; sourceTree = "<group>"; };
		1484940B1963DB3800EE0D9E /* AppDelegate.m */ = {isa = PBXFileReference; lastKnownFileType = sourcecode.c.objc; path = AppDelegate.m; sourceTree = "<group>"; };
		1484940E1963DB3800EE0D9E /* Base */ = {isa = PBXFileReference; lastKnownFileType = file.storyboard; name = Base; path = Base.lproj/Main.storyboard; sourceTree = "<group>"; };
		148494101963DB3800EE0D9E /* ViewController.h */ = {isa = PBXFileReference; lastKnownFileType = sourcecode.c.h; path = ViewController.h; sourceTree = "<group>"; };
		148494111963DB3800EE0D9E /* ViewController.m */ = {isa = PBXFileReference; lastKnownFileType = sourcecode.c.objc; path = ViewController.m; sourceTree = "<group>"; };
		148494131963DB3800EE0D9E /* MyScene.h */ = {isa = PBXFileReference; lastKnownFileType = sourcecode.c.h; path = MyScene.h; sourceTree = "<group>"; };
		148494141963DB3800EE0D9E /* MyScene.m */ = {isa = PBXFileReference; lastKnownFileType = sourcecode.c.objc; path = MyScene.m; sourceTree = "<group>"; };
		148494161963DB3800EE0D9E /* Spaceship.png */ = {isa = PBXFileReference; lastKnownFileType = image.png; path = Spaceship.png; sourceTree = "<group>"; };
		148494181963DB3800EE0D9E /* Images.xcassets */ = {isa = PBXFileReference; lastKnownFileType = folder.assetcatalog; path = Images.xcassets; sourceTree = "<group>"; };
		1484941E1963DB3800EE0D9E /* BreakingBricksTests.xctest */ = {isa = PBXFileReference; explicitFileType = wrapper.cfbundle; includeInIndex = 0; path = BreakingBricksTests.xctest; sourceTree = BUILT_PRODUCTS_DIR; };
		1484941F1963DB3800EE0D9E /* XCTest.framework */ = {isa = PBXFileReference; lastKnownFileType = wrapper.framework; name = XCTest.framework; path = Library/Frameworks/XCTest.framework; sourceTree = DEVELOPER_DIR; };
		148494271963DB3800EE0D9E /* BreakingBricksTests-Info.plist */ = {isa = PBXFileReference; lastKnownFileType = text.plist.xml; path = "BreakingBricksTests-Info.plist"; sourceTree = "<group>"; };
		148494291963DB3800EE0D9E /* en */ = {isa = PBXFileReference; lastKnownFileType = text.plist.strings; name = en; path = en.lproj/InfoPlist.strings; sourceTree = "<group>"; };
		1484942B1963DB3800EE0D9E /* BreakingBricksTests.m */ = {isa = PBXFileReference; lastKnownFileType = sourcecode.c.objc; path = BreakingBricksTests.m; sourceTree = "<group>"; };
		148494361963DB6000EE0D9E /* ball.png */ = {isa = PBXFileReference; lastKnownFileType = image.png; path = ball.png; sourceTree = "<group>"; };
		148494371963DB6000EE0D9E /* ball@2x.png */ = {isa = PBXFileReference; lastKnownFileType = image.png; path = "ball@2x.png"; sourceTree = "<group>"; };
		148494381963DB6000EE0D9E /* brick.png */ = {isa = PBXFileReference; lastKnownFileType = image.png; path = brick.png; sourceTree = "<group>"; };
		148494391963DB6000EE0D9E /* brick@2x.png */ = {isa = PBXFileReference; lastKnownFileType = image.png; path = "brick@2x.png"; sourceTree = "<group>"; };
		1484943A1963DB6000EE0D9E /* paddle.png */ = {isa = PBXFileReference; lastKnownFileType = image.png; path = paddle.png; sourceTree = "<group>"; };
		1484943B1963DB6000EE0D9E /* paddle@2x.png */ = {isa = PBXFileReference; lastKnownFileType = image.png; path = "paddle@2x.png"; sourceTree = "<group>"; };
/* End PBXFileReference section */

/* Begin PBXFrameworksBuildPhase section */
		148493F31963DB3700EE0D9E /* Frameworks */ = {
			isa = PBXFrameworksBuildPhase;
			buildActionMask = 2147483647;
			files = (
				148493FC1963DB3700EE0D9E /* CoreGraphics.framework in Frameworks */,
				148493FE1963DB3700EE0D9E /* UIKit.framework in Frameworks */,
				148494001963DB3800EE0D9E /* SpriteKit.framework in Frameworks */,
				148493FA1963DB3700EE0D9E /* Foundation.framework in Frameworks */,
			);
			runOnlyForDeploymentPostprocessing = 0;
		};
		1484941B1963DB3800EE0D9E /* Frameworks */ = {
			isa = PBXFrameworksBuildPhase;
			buildActionMask = 2147483647;
			files = (
				148494201963DB3800EE0D9E /* XCTest.framework in Frameworks */,
				148494221963DB3800EE0D9E /* UIKit.framework in Frameworks */,
				148494211963DB3800EE0D9E /* Foundation.framework in Frameworks */,
			);
			runOnlyForDeploymentPostprocessing = 0;
		};
/* End PBXFrameworksBuildPhase section */

/* Begin PBXGroup section */
		148493ED1963DB3700EE0D9E = {
			isa = PBXGroup;
			children = (
				148494011963DB3800EE0D9E /* BreakingBricks */,
				148494251963DB3800EE0D9E /* BreakingBricksTests */,
				148493F81963DB3700EE0D9E /* Frameworks */,
				148493F71963DB3700EE0D9E /* Products */,
			);
			sourceTree = "<group>";
		};
		148493F71963DB3700EE0D9E /* Products */ = {
			isa = PBXGroup;
			children = (
				148493F61963DB3700EE0D9E /* BreakingBricks.app */,
				1484941E1963DB3800EE0D9E /* BreakingBricksTests.xctest */,
			);
			name = Products;
			sourceTree = "<group>";
		};
		148493F81963DB3700EE0D9E /* Frameworks */ = {
			isa = PBXGroup;
			children = (
				148493F91963DB3700EE0D9E /* Foundation.framework */,
				148493FB1963DB3700EE0D9E /* CoreGraphics.framework */,
				148493FD1963DB3700EE0D9E /* UIKit.framework */,
				148493FF1963DB3800EE0D9E /* SpriteKit.framework */,
				1484941F1963DB3800EE0D9E /* XCTest.framework */,
			);
			name = Frameworks;
			sourceTree = "<group>";
		};
		148494011963DB3800EE0D9E /* BreakingBricks */ = {
			isa = PBXGroup;
			children = (
				1484940A1963DB3800EE0D9E /* AppDelegate.h */,
				1484940B1963DB3800EE0D9E /* AppDelegate.m */,
				1484940D1963DB3800EE0D9E /* Main.storyboard */,
				148494101963DB3800EE0D9E /* ViewController.h */,
				148494111963DB3800EE0D9E /* ViewController.m */,
				148494131963DB3800EE0D9E /* MyScene.h */,
				148494141963DB3800EE0D9E /* MyScene.m */,
				1480782B1964397A0017C7D5 /* EndScene.h */,
				1480782C1964397A0017C7D5 /* EndScene.m */,
				148494161963DB3800EE0D9E /* Spaceship.png */,
				148494181963DB3800EE0D9E /* Images.xcassets */,
				148078251964318B0017C7D5 /* blip.caf */,
				148078261964318B0017C7D5 /* brickhit.caf */,
				148078271964318B0017C7D5 /* gameover.caf */,
				14807914196491D30017C7D5 /* orb.atlas */,
				148494351963DB6000EE0D9E /* iosspritekitchap2 */,
				148494021963DB3800EE0D9E /* Supporting Files */,
				1480782E196444AC0017C7D5 /* Magic.sks */,
				1480782F196444AC0017C7D5 /* spark.png */,
			);
			path = BreakingBricks;
			sourceTree = "<group>";
		};
		148494021963DB3800EE0D9E /* Supporting Files */ = {
			isa = PBXGroup;
			children = (
				148494031963DB3800EE0D9E /* BreakingBricks-Info.plist */,
				148494041963DB3800EE0D9E /* InfoPlist.strings */,
				148494071963DB3800EE0D9E /* main.m */,
				148494091963DB3800EE0D9E /* BreakingBricks-Prefix.pch */,
			);
			name = "Supporting Files";
			sourceTree = "<group>";
		};
		148494251963DB3800EE0D9E /* BreakingBricksTests */ = {
			isa = PBXGroup;
			children = (
				1484942B1963DB3800EE0D9E /* BreakingBricksTests.m */,
				148494261963DB3800EE0D9E /* Supporting Files */,
			);
			path = BreakingBricksTests;
			sourceTree = "<group>";
		};
		148494261963DB3800EE0D9E /* Supporting Files */ = {
			isa = PBXGroup;
			children = (
				148494271963DB3800EE0D9E /* BreakingBricksTests-Info.plist */,
				148494281963DB3800EE0D9E /* InfoPlist.strings */,
			);
			name = "Supporting Files";
			sourceTree = "<group>";
		};
		148494351963DB6000EE0D9E /* iosspritekitchap2 */ = {
			isa = PBXGroup;
			children = (
				148494361963DB6000EE0D9E /* ball.png */,
				148494371963DB6000EE0D9E /* ball@2x.png */,
				148494381963DB6000EE0D9E /* brick.png */,
				148494391963DB6000EE0D9E /* brick@2x.png */,
				1484943A1963DB6000EE0D9E /* paddle.png */,
				1484943B1963DB6000EE0D9E /* paddle@2x.png */,
			);
			path = iosspritekitchap2;
			sourceTree = "<group>";
		};
/* End PBXGroup section */

/* Begin PBXNativeTarget section */
		148493F51963DB3700EE0D9E /* BreakingBricks */ = {
			isa = PBXNativeTarget;
			buildConfigurationList = 1484942F1963DB3800EE0D9E /* Build configuration list for PBXNativeTarget "BreakingBricks" */;
			buildPhases = (
				148493F21963DB3700EE0D9E /* Sources */,
				148493F31963DB3700EE0D9E /* Frameworks */,
				148493F41963DB3700EE0D9E /* Resources */,
			);
			buildRules = (
			);
			dependencies = (
			);
			name = BreakingBricks;
			productName = BreakingBricks;
			productReference = 148493F61963DB3700EE0D9E /* BreakingBricks.app */;
			productType = "com.apple.product-type.application";
		};
		1484941D1963DB3800EE0D9E /* BreakingBricksTests */ = {
			isa = PBXNativeTarget;
			buildConfigurationList = 148494321963DB3800EE0D9E /* Build configuration list for PBXNativeTarget "BreakingBricksTests" */;
			buildPhases = (
				1484941A1963DB3800EE0D9E /* Sources */,
				1484941B1963DB3800EE0D9E /* Frameworks */,
				1484941C1963DB3800EE0D9E /* Resources */,
			);
			buildRules = (
			);
			dependencies = (
				148494241963DB3800EE0D9E /* PBXTargetDependency */,
			);
			name = BreakingBricksTests;
			productName = BreakingBricksTests;
			productReference = 1484941E1963DB3800EE0D9E /* BreakingBricksTests.xctest */;
			productType = "com.apple.product-type.bundle.unit-test";
		};
/* End PBXNativeTarget section */

/* Begin PBXProject section */
		148493EE1963DB3700EE0D9E /* Project object */ = {
			isa = PBXProject;
			attributes = {
				LastUpgradeCheck = 0500;
				ORGANIZATIONNAME = "Deep Sidhpura";
				TargetAttributes = {
					1484941D1963DB3800EE0D9E = {
						TestTargetID = 148493F51963DB3700EE0D9E;
					};
				};
			};
			buildConfigurationList = 148493F11963DB3700EE0D9E /* Build configuration list for PBXProject "BreakingBricks" */;
			compatibilityVersion = "Xcode 3.2";
			developmentRegion = English;
			hasScannedForEncodings = 0;
			knownRegions = (
				en,
				Base,
			);
			mainGroup = 148493ED1963DB3700EE0D9E;
			productRefGroup = 148493F71963DB3700EE0D9E /* Products */;
			projectDirPath = "";
			projectRoot = "";
			targets = (
				148493F51963DB3700EE0D9E /* BreakingBricks */,
				1484941D1963DB3800EE0D9E /* BreakingBricksTests */,
			);
		};
/* End PBXProject section */

/* Begin PBXResourcesBuildPhase section */
		148493F41963DB3700EE0D9E /* Resources */ = {
			isa = PBXResourcesBuildPhase;
			buildActionMask = 2147483647;
			files = (
				148494061963DB3800EE0D9E /* InfoPlist.strings in Resources */,
				1484943D1963DB6000EE0D9E /* ball@2x.png in Resources */,
				148078281964318B0017C7D5 /* blip.caf in Resources */,
				14807830196444AC0017C7D5 /* Magic.sks in Resources */,
				1484943E1963DB6000EE0D9E /* brick.png in Resources */,
				1484943C1963DB6000EE0D9E /* ball.png in Resources */,
				148494401963DB6000EE0D9E /* paddle.png in Resources */,
				1480782A1964318B0017C7D5 /* gameover.caf in Resources */,
				1484943F1963DB6000EE0D9E /* brick@2x.png in Resources */,
				148494411963DB6000EE0D9E /* paddle@2x.png in Resources */,
				14807831196444AC0017C7D5 /* spark.png in Resources */,
				148078291964318B0017C7D5 /* brickhit.caf in Resources */,
				148494191963DB3800EE0D9E /* Images.xcassets in Resources */,
				148494171963DB3800EE0D9E /* Spaceship.png in Resources */,
				1484940F1963DB3800EE0D9E /* Main.storyboard in Resources */,
				14807915196491D30017C7D5 /* orb.atlas in Resources */,
			);
			runOnlyForDeploymentPostprocessing = 0;
		};
		1484941C1963DB3800EE0D9E /* Resources */ = {
			isa = PBXResourcesBuildPhase;
			buildActionMask = 2147483647;
			files = (
				1484942A1963DB3800EE0D9E /* InfoPlist.strings in Resources */,
			);
			runOnlyForDeploymentPostprocessing = 0;
		};
/* End PBXResourcesBuildPhase section */

/* Begin PBXSourcesBuildPhase section */
		148493F21963DB3700EE0D9E /* Sources */ = {
			isa = PBXSourcesBuildPhase;
			buildActionMask = 2147483647;
			files = (
				148494151963DB3800EE0D9E /* MyScene.m in Sources */,
				148494121963DB3800EE0D9E /* ViewController.m in Sources */,
				1484940C1963DB3800EE0D9E /* AppDelegate.m in Sources */,
				148494081963DB3800EE0D9E /* main.m in Sources */,
				1480782D1964397A0017C7D5 /* EndScene.m in Sources */,
			);
			runOnlyForDeploymentPostprocessing = 0;
		};
		1484941A1963DB3800EE0D9E /* Sources */ = {
			isa = PBXSourcesBuildPhase;
			buildActionMask = 2147483647;
			files = (
				1484942C1963DB3800EE0D9E /* BreakingBricksTests.m in Sources */,
			);
			runOnlyForDeploymentPostprocessing = 0;
		};
/* End PBXSourcesBuildPhase section */

/* Begin PBXTargetDependency section */
		148494241963DB3800EE0D9E /* PBXTargetDependency */ = {
			isa = PBXTargetDependency;
			target = 148493F51963DB3700EE0D9E /* BreakingBricks */;
			targetProxy = 148494231963DB3800EE0D9E /* PBXContainerItemProxy */;
		};
/* End PBXTargetDependency section */

/* Begin PBXVariantGroup section */
		148494041963DB3800EE0D9E /* InfoPlist.strings */ = {
			isa = PBXVariantGroup;
			children = (
				148494051963DB3800EE0D9E /* en */,
			);
			name = InfoPlist.strings;
			sourceTree = "<group>";
		};
		1484940D1963DB3800EE0D9E /* Main.storyboard */ = {
			isa = PBXVariantGroup;
			children = (
				1484940E1963DB3800EE0D9E /* Base */,
			);
			name = Main.storyboard;
			sourceTree = "<group>";
		};
		148494281963DB3800EE0D9E /* InfoPlist.strings */ = {
			isa = PBXVariantGroup;
			children = (
				148494291963DB3800EE0D9E /* en */,
			);
			name = InfoPlist.strings;
			sourceTree = "<group>";
		};
/* End PBXVariantGroup section */

/* Begin XCBuildConfiguration section */
		1484942D1963DB3800EE0D9E /* Debug */ = {
			isa = XCBuildConfiguration;
			buildSettings = {
				ALWAYS_SEARCH_USER_PATHS = NO;
				ARCHS = "$(ARCHS_STANDARD_INCLUDING_64_BIT)";
				CLANG_CXX_LANGUAGE_STANDARD = "gnu++0x";
				CLANG_CXX_LIBRARY = "libc++";
				CLANG_ENABLE_MODULES = YES;
				CLANG_ENABLE_OBJC_ARC = YES;
				CLANG_WARN_BOOL_CONVERSION = YES;
				CLANG_WARN_CONSTANT_CONVERSION = YES;
				CLANG_WARN_DIRECT_OBJC_ISA_USAGE = YES_ERROR;
				CLANG_WARN_EMPTY_BODY = YES;
				CLANG_WARN_ENUM_CONVERSION = YES;
				CLANG_WARN_INT_CONVERSION = YES;
				CLANG_WARN_OBJC_ROOT_CLASS = YES_ERROR;
				CLANG_WARN__DUPLICATE_METHOD_MATCH = YES;
				"CODE_SIGN_IDENTITY[sdk=iphoneos*]" = "iPhone Developer";
				COPY_PHASE_STRIP = NO;
				GCC_C_LANGUAGE_STANDARD = gnu99;
				GCC_DYNAMIC_NO_PIC = NO;
				GCC_OPTIMIZATION_LEVEL = 0;
				GCC_PREPROCESSOR_DEFINITIONS = (
					"DEBUG=1",
					"$(inherited)",
				);
				GCC_SYMBOLS_PRIVATE_EXTERN = NO;
				GCC_WARN_64_TO_32_BIT_CONVERSION = YES;
				GCC_WARN_ABOUT_RETURN_TYPE = YES_ERROR;
				GCC_WARN_UNDECLARED_SELECTOR = YES;
				GCC_WARN_UNINITIALIZED_AUTOS = YES;
				GCC_WARN_UNUSED_FUNCTION = YES;
				GCC_WARN_UNUSED_VARIABLE = YES;
				IPHONEOS_DEPLOYMENT_TARGET = 7.0;
				ONLY_ACTIVE_ARCH = YES;
				SDKROOT = iphoneos;
			};
			name = Debug;
		};
		1484942E1963DB3800EE0D9E /* Release */ = {
			isa = XCBuildConfiguration;
			buildSettings = {
				ALWAYS_SEARCH_USER_PATHS = NO;
				ARCHS = "$(ARCHS_STANDARD_INCLUDING_64_BIT)";
				CLANG_CXX_LANGUAGE_STANDARD = "gnu++0x";
				CLANG_CXX_LIBRARY = "libc++";
				CLANG_ENABLE_MODULES = YES;
				CLANG_ENABLE_OBJC_ARC = YES;
				CLANG_WARN_BOOL_CONVERSION = YES;
				CLANG_WARN_CONSTANT_CONVERSION = YES;
				CLANG_WARN_DIRECT_OBJC_ISA_USAGE = YES_ERROR;
				CLANG_WARN_EMPTY_BODY = YES;
				CLANG_WARN_ENUM_CONVERSION = YES;
				CLANG_WARN_INT_CONVERSION = YES;
				CLANG_WARN_OBJC_ROOT_CLASS = YES_ERROR;
				CLANG_WARN__DUPLICATE_METHOD_MATCH = YES;
				"CODE_SIGN_IDENTITY[sdk=iphoneos*]" = "iPhone Developer";
				COPY_PHASE_STRIP = YES;
				ENABLE_NS_ASSERTIONS = NO;
				GCC_C_LANGUAGE_STANDARD = gnu99;
				GCC_WARN_64_TO_32_BIT_CONVERSION = YES;
				GCC_WARN_ABOUT_RETURN_TYPE = YES_ERROR;
				GCC_WARN_UNDECLARED_SELECTOR = YES;
				GCC_WARN_UNINITIALIZED_AUTOS = YES;
				GCC_WARN_UNUSED_FUNCTION = YES;
				GCC_WARN_UNUSED_VARIABLE = YES;
				IPHONEOS_DEPLOYMENT_TARGET = 7.0;
				SDKROOT = iphoneos;
				VALIDATE_PRODUCT = YES;
			};
			name = Release;
		};
		148494301963DB3800EE0D9E /* Debug */ = {
			isa = XCBuildConfiguration;
			buildSettings = {
				ASSETCATALOG_COMPILER_APPICON_NAME = AppIcon;
				ASSETCATALOG_COMPILER_LAUNCHIMAGE_NAME = LaunchImage;
				GCC_PRECOMPILE_PREFIX_HEADER = YES;
				GCC_PREFIX_HEADER = "BreakingBricks/BreakingBricks-Prefix.pch";
				INFOPLIST_FILE = "BreakingBricks/BreakingBricks-Info.plist";
				PRODUCT_NAME = "$(TARGET_NAME)";
				SPRITEKIT_TEXTURE_ATLAS_OUTPUT = YES;
				WRAPPER_EXTENSION = app;
			};
			name = Debug;
		};
		148494311963DB3800EE0D9E /* Release */ = {
			isa = XCBuildConfiguration;
			buildSettings = {
				ASSETCATALOG_COMPILER_APPICON_NAME = AppIcon;
				ASSETCATALOG_COMPILER_LAUNCHIMAGE_NAME = LaunchImage;
				GCC_PRECOMPILE_PREFIX_HEADER = YES;
				GCC_PREFIX_HEADER = "BreakingBricks/BreakingBricks-Prefix.pch";
				INFOPLIST_FILE = "BreakingBricks/BreakingBricks-Info.plist";
				PRODUCT_NAME = "$(TARGET_NAME)";
				SPRITEKIT_TEXTURE_ATLAS_OUTPUT = YES;
				WRAPPER_EXTENSION = app;
			};
			name = Release;
		};
		148494331963DB3800EE0D9E /* Debug */ = {
			isa = XCBuildConfiguration;
			buildSettings = {
				ARCHS = "$(ARCHS_STANDARD_INCLUDING_64_BIT)";
				BUNDLE_LOADER = "$(BUILT_PRODUCTS_DIR)/BreakingBricks.app/BreakingBricks";
				FRAMEWORK_SEARCH_PATHS = (
					"$(SDKROOT)/Developer/Library/Frameworks",
					"$(inherited)",
					"$(DEVELOPER_FRAMEWORKS_DIR)",
				);
				GCC_PRECOMPILE_PREFIX_HEADER = YES;
				GCC_PREFIX_HEADER = "BreakingBricks/BreakingBricks-Prefix.pch";
				GCC_PREPROCESSOR_DEFINITIONS = (
					"DEBUG=1",
					"$(inherited)",
				);
				INFOPLIST_FILE = "BreakingBricksTests/BreakingBricksTests-Info.plist";
				PRODUCT_NAME = "$(TARGET_NAME)";
				TEST_HOST = "$(BUNDLE_LOADER)";
				WRAPPER_EXTENSION = xctest;
			};
			name = Debug;
		};
		148494341963DB3800EE0D9E /* Release */ = {
			isa = XCBuildConfiguration;
			buildSettings = {
				ARCHS = "$(ARCHS_STANDARD_INCLUDING_64_BIT)";
				BUNDLE_LOADER = "$(BUILT_PRODUCTS_DIR)/BreakingBricks.app/BreakingBricks";
				FRAMEWORK_SEARCH_PATHS = (
					"$(SDKROOT)/Developer/Library/Frameworks",
					"$(inherited)",
					"$(DEVELOPER_FRAMEWORKS_DIR)",
				);
				GCC_PRECOMPILE_PREFIX_HEADER = YES;
				GCC_PREFIX_HEADER = "BreakingBricks/BreakingBricks-Prefix.pch";
				INFOPLIST_FILE = "BreakingBricksTests/BreakingBricksTests-Info.plist";
				PRODUCT_NAME = "$(TARGET_NAME)";
				TEST_HOST = "$(BUNDLE_LOADER)";
				WRAPPER_EXTENSION = xctest;
			};
			name = Release;
		};
/* End XCBuildConfiguration section */

/* Begin XCConfigurationList section */
		148493F11963DB3700EE0D9E /* Build configuration list for PBXProject "BreakingBricks" */ = {
			isa = XCConfigurationList;
			buildConfigurations = (
				1484942D1963DB3800EE0D9E /* Debug */,
				1484942E1963DB3800EE0D9E /* Release */,
			);
			defaultConfigurationIsVisible = 0;
			defaultConfigurationName = Release;
		};
		1484942F1963DB3800EE0D9E /* Build configuration list for PBXNativeTarget "BreakingBricks" */ = {
			isa = XCConfigurationList;
			buildConfigurations = (
				148494301963DB3800EE0D9E /* Debug */,
				148494311963DB3800EE0D9E /* Release */,
			);
			defaultConfigurationIsVisible = 0;
			defaultConfigurationName = Release;
		};
		148494321963DB3800EE0D9E /* Build configuration list for PBXNativeTarget "BreakingBricksTests" */ = {
			isa = XCConfigurationList;
			buildConfigurations = (
				148494331963DB3800EE0D9E /* Debug */,
				148494341963DB3800EE0D9E /* Release */,
			);
			defaultConfigurationIsVisible = 0;
			defaultConfigurationName = Release;
		};
/* End XCConfigurationList section */
	};
	rootObject = 148493EE1963DB3700EE0D9E /* Project object */;
}
